
Microsoft Visual Studio Solution File, Format Version 12.00
# Visual Studio Version 16
VisualStudioVersion = 16.0.30907.101
MinimumVisualStudioVersion = 10.0.40219.1
Project("{FAE04EC0-301F-11D3-BF4B-00C04F79EFBC}") = "sql DataSet", "sql DataSet\sql DataSet.csproj", "{F0767844-0CF3-4BBC-BF95-037E18A36EB1}"
EndProject
Global
	GlobalSection(SolutionConfigurationPlatforms) = preSolution
		Debug|Any CPU = Debug|Any CPU
		Release|Any CPU = Release|Any CPU
	EndGlobalSection
	GlobalSection(ProjectConfigurationPlatforms) = postSolution
		{F0767844-0CF3-4BBC-BF95-037E18A36EB1}.Debug|Any CPU.ActiveCfg = Debug|Any CPU
		{F0767844-0CF3-4BBC-BF95-037E18A36EB1}.Debug|Any CPU.Build.0 = Debug|Any CPU
		{F0767844-0CF3-4BBC-BF95-037E18A36EB1}.Release|Any CPU.ActiveCfg = Release|Any CPU
		{F0767844-0CF3-4BBC-BF95-037E18A36EB1}.Release|Any CPU.Build.0 = Release|Any CPU
	EndGlobalSection
	GlobalSection(SolutionProperties) = preSolution
		HideSolutionNode = FALSE
	EndGlobalSection
	GlobalSection(ExtensibilityGlobals) = postSolution
		SolutionGuid = {746A7A6F-AB58-4615-8501-26B4B4064AD2}
	EndGlobalSection
EndGlobal
